
Microsoft Visual Studio Solution File, Format Version 12.00
# Visual Studio Version 17
VisualStudioVersion = 17.0.31903.59
MinimumVisualStudioVersion = 10.0.40219.1
Project("{2150E333-8FDC-42A3-9474-1A3956D46DE8}") = "src", "src", "{32CD7852-5ADF-46E6-87EB-27E47112A1DF}"
EndProject
Project("{FAE04EC0-301F-11D3-BF4B-00C04F79EFBC}") = "JmaStudio.Hardware", "src\JmaStudio.Hardware\JmaStudio.Hardware.csproj", "{A7ECE5D1-523F-40E9-AB57-57BC2EA7FD9A}"
EndProject
Project("{FAE04EC0-301F-11D3-BF4B-00C04F79EFBC}") = "JmaStudio.HardwareTest", "src\JmaStudio.HardwareTest\JmaStudio.HardwareTest.csproj", "{103062A6-C133-4CD3-ADEE-5F1C83C2836F}"
EndProject
Project("{FAE04EC0-301F-11D3-BF4B-00C04F79EFBC}") = "JmaStudio.Effects", "src\JmaStudio.Effects\JmaStudio.Effects.csproj", "{E43DFF81-B093-4E2A-B819-FD422B64C484}"
EndProject
Project("{FAE04EC0-301F-11D3-BF4B-00C04F79EFBC}") = "JmaStudio.Presets", "src\JmaStudio.Presets\JmaStudio.Presets.csproj", "{35BF6D4A-F15D-41CB-8888-75EE650CFDA6}"
EndProject
Project("{FAE04EC0-301F-11D3-BF4B-00C04F79EFBC}") = "JmaStudio.Service", "src\JmaStudio.Service\JmaStudio.Service.csproj", "{419F8569-8D31-40B3-8765-D9142410B53D}"
EndProject
Project("{FAE04EC0-301F-11D3-BF4B-00C04F79EFBC}") = "JmaStudio.Gui", "src\JmaStudio.Gui\JmaStudio.Gui.csproj", "{F1916606-B635-45F7-83BD-A857A0EFCD2D}"
EndProject
Global
	GlobalSection(SolutionConfigurationPlatforms) = preSolution
		Debug|Any CPU = Debug|Any CPU
		Release|Any CPU = Release|Any CPU
	EndGlobalSection
	GlobalSection(SolutionProperties) = preSolution
		HideSolutionNode = FALSE
	EndGlobalSection
	GlobalSection(ProjectConfigurationPlatforms) = postSolution
		{A7ECE5D1-523F-40E9-AB57-57BC2EA7FD9A}.Debug|Any CPU.ActiveCfg = Debug|x64
		{A7ECE5D1-523F-40E9-AB57-57BC2EA7FD9A}.Debug|Any CPU.Build.0 = Debug|x64
		{A7ECE5D1-523F-40E9-AB57-57BC2EA7FD9A}.Release|Any CPU.ActiveCfg = Release|x64
		{A7ECE5D1-523F-40E9-AB57-57BC2EA7FD9A}.Release|Any CPU.Build.0 = Release|x64
		{103062A6-C133-4CD3-ADEE-5F1C83C2836F}.Debug|Any CPU.ActiveCfg = Debug|x64
		{103062A6-C133-4CD3-ADEE-5F1C83C2836F}.Debug|Any CPU.Build.0 = Debug|x64
		{103062A6-C133-4CD3-ADEE-5F1C83C2836F}.Release|Any CPU.ActiveCfg = Release|x64
		{103062A6-C133-4CD3-ADEE-5F1C83C2836F}.Release|Any CPU.Build.0 = Release|x64
		{E43DFF81-B093-4E2A-B819-FD422B64C484}.Debug|Any CPU.ActiveCfg = Debug|x64
		{E43DFF81-B093-4E2A-B819-FD422B64C484}.Debug|Any CPU.Build.0 = Debug|x64
		{E43DFF81-B093-4E2A-B819-FD422B64C484}.Release|Any CPU.ActiveCfg = Release|x64
		{E43DFF81-B093-4E2A-B819-FD422B64C484}.Release|Any CPU.Build.0 = Release|x64
		{35BF6D4A-F15D-41CB-8888-75EE650CFDA6}.Debug|Any CPU.ActiveCfg = Debug|x64
		{35BF6D4A-F15D-41CB-8888-75EE650CFDA6}.Debug|Any CPU.Build.0 = Debug|x64
		{35BF6D4A-F15D-41CB-8888-75EE650CFDA6}.Release|Any CPU.ActiveCfg = Release|x64
		{35BF6D4A-F15D-41CB-8888-75EE650CFDA6}.Release|Any CPU.Build.0 = Release|x64
		{419F8569-8D31-40B3-8765-D9142410B53D}.Debug|Any CPU.ActiveCfg = Debug|x64
		{419F8569-8D31-40B3-8765-D9142410B53D}.Debug|Any CPU.Build.0 = Debug|x64
		{419F8569-8D31-40B3-8765-D9142410B53D}.Release|Any CPU.ActiveCfg = Release|x64
		{419F8569-8D31-40B3-8765-D9142410B53D}.Release|Any CPU.Build.0 = Release|x64
		{F1916606-B635-45F7-83BD-A857A0EFCD2D}.Debug|Any CPU.ActiveCfg = Debug|x64
		{F1916606-B635-45F7-83BD-A857A0EFCD2D}.Debug|Any CPU.Build.0 = Debug|x64
		{F1916606-B635-45F7-83BD-A857A0EFCD2D}.Release|Any CPU.ActiveCfg = Release|x64
		{F1916606-B635-45F7-83BD-A857A0EFCD2D}.Release|Any CPU.Build.0 = Release|x64
	EndGlobalSection
	GlobalSection(NestedProjects) = preSolution
		{A7ECE5D1-523F-40E9-AB57-57BC2EA7FD9A} = {32CD7852-5ADF-46E6-87EB-27E47112A1DF}
		{103062A6-C133-4CD3-ADEE-5F1C83C2836F} = {32CD7852-5ADF-46E6-87EB-27E47112A1DF}
		{E43DFF81-B093-4E2A-B819-FD422B64C484} = {32CD7852-5ADF-46E6-87EB-27E47112A1DF}
		{35BF6D4A-F15D-41CB-8888-75EE650CFDA6} = {32CD7852-5ADF-46E6-87EB-27E47112A1DF}
		{419F8569-8D31-40B3-8765-D9142410B53D} = {32CD7852-5ADF-46E6-87EB-27E47112A1DF}
		{F1916606-B635-45F7-83BD-A857A0EFCD2D} = {32CD7852-5ADF-46E6-87EB-27E47112A1DF}
	EndGlobalSection
EndGlobal
